github.com/gethinode/hinode v1.6.3 h1:dGfk333kGifnkLSdmu27BmETdY0upVaLv2FVFK8zAow=
github.com/gethinode/hinode v1.6.3/go.mod h1:g5XwsenIR90ephHr16hTGL1AliB4+W1NNRXs9bmP/9E=
github.com/gethinode/hinode v1.6.5 h1:w+kunZgFJL9OTlGVZGLy7qzPdn7triYgcpphKOo/5xA=
github.com/gethinode/hinode v1.6.5/go.mod h1:0ddmuT9ciPsQThAWQne11k3TImckx3xpcWaiCs75/pQ=
github.com/gethinode/hinode v1.7.0 h1:Pp+hu4ieXuuZOEY8q3So1cJEvy2+ZoUXbWbOuK+FjQg=
github.com/gethinode/hinode v1.7.0/go.mod h1:UN9DB9WbfTW2f4JhPJi4p75BQZYAxaRTONzBF8C4f9Y=
