github.com/gethinode/hinode v1.1.0 h1:yHvKAAUAHYe1z4fu4Pjgry3leNtdytSeEGsesU11DfI=
github.com/gethinode/hinode v1.1.0/go.mod h1:qJG83FIHld14AjIZM+hQWrt6t9bF73QP2tbR48cJais=
github.com/gethinode/hinode v1.2.2 h1:MXOwrTnaBw/5dJx/Rs0a9dVWBV6p1ZMRWdqw3iEK4P0=
github.com/gethinode/hinode v1.2.2/go.mod h1:AmOfArOmOkjxCY86xNdHXeeobvbK3tFos0vlNo74AFc=
